
Microsoft Visual Studio Solution File, Format Version 12.00
# Visual Studio Version 17
VisualStudioVersion = 17.1.32210.238
MinimumVisualStudioVersion = 10.0.40219.1
Project("{9A19103F-16F7-4668-BE54-9A1E7A4F7556}") = "DataAccess", "DataAccess\DataAccess.csproj", "{92CA2CEA-96D0-47AF-A269-4F406C29D107}"
EndProject
Project("{9A19103F-16F7-4668-BE54-9A1E7A4F7556}") = "Business", "Business\Business.csproj", "{42634D28-7637-45A0-9476-078F8CE13540}"
EndProject
Project("{9A19103F-16F7-4668-BE54-9A1E7A4F7556}") = "Entities", "Entities\Entities.csproj", "{B9081E32-09E8-495C-9320-097436026E49}"
EndProject
Project("{9A19103F-16F7-4668-BE54-9A1E7A4F7556}") = "ConsoleUI", "ConsoleUI\ConsoleUI.csproj", "{43A530CD-2BF7-4FB4-88FF-2FD4806F8047}"
EndProject
Project("{FAE04EC0-301F-11D3-BF4B-00C04F79EFBC}") = "Core", "Core\Core.csproj", "{834EF6FA-1902-4499-A276-EABDABBBC092}"
EndProject
Global
	GlobalSection(SolutionConfigurationPlatforms) = preSolution
		Debug|Any CPU = Debug|Any CPU
		Release|Any CPU = Release|Any CPU
	EndGlobalSection
	GlobalSection(ProjectConfigurationPlatforms) = postSolution
		{92CA2CEA-96D0-47AF-A269-4F406C29D107}.Debug|Any CPU.ActiveCfg = Debug|Any CPU
		{92CA2CEA-96D0-47AF-A269-4F406C29D107}.Debug|Any CPU.Build.0 = Debug|Any CPU
		{92CA2CEA-96D0-47AF-A269-4F406C29D107}.Release|Any CPU.ActiveCfg = Release|Any CPU
		{92CA2CEA-96D0-47AF-A269-4F406C29D107}.Release|Any CPU.Build.0 = Release|Any CPU
		{42634D28-7637-45A0-9476-078F8CE13540}.Debug|Any CPU.ActiveCfg = Debug|Any CPU
		{42634D28-7637-45A0-9476-078F8CE13540}.Debug|Any CPU.Build.0 = Debug|Any CPU
		{42634D28-7637-45A0-9476-078F8CE13540}.Release|Any CPU.ActiveCfg = Release|Any CPU
		{42634D28-7637-45A0-9476-078F8CE13540}.Release|Any CPU.Build.0 = Release|Any CPU
		{B9081E32-09E8-495C-9320-097436026E49}.Debug|Any CPU.ActiveCfg = Debug|Any CPU
		{B9081E32-09E8-495C-9320-097436026E49}.Debug|Any CPU.Build.0 = Debug|Any CPU
		{B9081E32-09E8-495C-9320-097436026E49}.Release|Any CPU.ActiveCfg = Release|Any CPU
		{B9081E32-09E8-495C-9320-097436026E49}.Release|Any CPU.Build.0 = Release|Any CPU
		{43A530CD-2BF7-4FB4-88FF-2FD4806F8047}.Debug|Any CPU.ActiveCfg = Debug|Any CPU
		{43A530CD-2BF7-4FB4-88FF-2FD4806F8047}.Debug|Any CPU.Build.0 = Debug|Any CPU
		{43A530CD-2BF7-4FB4-88FF-2FD4806F8047}.Release|Any CPU.ActiveCfg = Release|Any CPU
		{43A530CD-2BF7-4FB4-88FF-2FD4806F8047}.Release|Any CPU.Build.0 = Release|Any CPU
		{834EF6FA-1902-4499-A276-EABDABBBC092}.Debug|Any CPU.ActiveCfg = Debug|Any CPU
		{834EF6FA-1902-4499-A276-EABDABBBC092}.Debug|Any CPU.Build.0 = Debug|Any CPU
		{834EF6FA-1902-4499-A276-EABDABBBC092}.Release|Any CPU.ActiveCfg = Release|Any CPU
		{834EF6FA-1902-4499-A276-EABDABBBC092}.Release|Any CPU.Build.0 = Release|Any CPU
	EndGlobalSection
	GlobalSection(SolutionProperties) = preSolution
		HideSolutionNode = FALSE
	EndGlobalSection
	GlobalSection(ExtensibilityGlobals) = postSolution
		SolutionGuid = {63C9E968-0AD2-4B5E-9063-828D2E8B7700}
	EndGlobalSection
EndGlobal
